
Microsoft Visual Studio Solution File, Format Version 12.00
# Visual Studio 15
VisualStudioVersion = 15.0.26124.0
MinimumVisualStudioVersion = 15.0.26124.0
Project("{FAE04EC0-301F-11D3-BF4B-00C04F79EFBC}") = "esdc-rules-api", "esdc-rules-api\esdc-rules-api.csproj", "{D2DF54C2-4BF7-45C7-8D79-2B84C31D5A7D}"
EndProject
Project("{FAE04EC0-301F-11D3-BF4B-00C04F79EFBC}") = "esdc-rules-api.Tests", "esdc-rules-api.Tests\esdc-rules-api.Tests.csproj", "{81505DC5-3EC2-4878-86F6-C89DB5C9D030}"
EndProject
Global
	GlobalSection(SolutionConfigurationPlatforms) = preSolution
		Debug|Any CPU = Debug|Any CPU
		Debug|x64 = Debug|x64
		Debug|x86 = Debug|x86
		Release|Any CPU = Release|Any CPU
		Release|x64 = Release|x64
		Release|x86 = Release|x86
	EndGlobalSection
	GlobalSection(SolutionProperties) = preSolution
		HideSolutionNode = FALSE
	EndGlobalSection
	GlobalSection(ProjectConfigurationPlatforms) = postSolution
		{D2DF54C2-4BF7-45C7-8D79-2B84C31D5A7D}.Debug|Any CPU.ActiveCfg = Debug|Any CPU
		{D2DF54C2-4BF7-45C7-8D79-2B84C31D5A7D}.Debug|Any CPU.Build.0 = Debug|Any CPU
		{D2DF54C2-4BF7-45C7-8D79-2B84C31D5A7D}.Debug|x64.ActiveCfg = Debug|Any CPU
		{D2DF54C2-4BF7-45C7-8D79-2B84C31D5A7D}.Debug|x64.Build.0 = Debug|Any CPU
		{D2DF54C2-4BF7-45C7-8D79-2B84C31D5A7D}.Debug|x86.ActiveCfg = Debug|Any CPU
		{D2DF54C2-4BF7-45C7-8D79-2B84C31D5A7D}.Debug|x86.Build.0 = Debug|Any CPU
		{D2DF54C2-4BF7-45C7-8D79-2B84C31D5A7D}.Release|Any CPU.ActiveCfg = Release|Any CPU
		{D2DF54C2-4BF7-45C7-8D79-2B84C31D5A7D}.Release|Any CPU.Build.0 = Release|Any CPU
		{D2DF54C2-4BF7-45C7-8D79-2B84C31D5A7D}.Release|x64.ActiveCfg = Release|Any CPU
		{D2DF54C2-4BF7-45C7-8D79-2B84C31D5A7D}.Release|x64.Build.0 = Release|Any CPU
		{D2DF54C2-4BF7-45C7-8D79-2B84C31D5A7D}.Release|x86.ActiveCfg = Release|Any CPU
		{D2DF54C2-4BF7-45C7-8D79-2B84C31D5A7D}.Release|x86.Build.0 = Release|Any CPU
		{81505DC5-3EC2-4878-86F6-C89DB5C9D030}.Debug|Any CPU.ActiveCfg = Debug|Any CPU
		{81505DC5-3EC2-4878-86F6-C89DB5C9D030}.Debug|Any CPU.Build.0 = Debug|Any CPU
		{81505DC5-3EC2-4878-86F6-C89DB5C9D030}.Debug|x64.ActiveCfg = Debug|Any CPU
		{81505DC5-3EC2-4878-86F6-C89DB5C9D030}.Debug|x64.Build.0 = Debug|Any CPU
		{81505DC5-3EC2-4878-86F6-C89DB5C9D030}.Debug|x86.ActiveCfg = Debug|Any CPU
		{81505DC5-3EC2-4878-86F6-C89DB5C9D030}.Debug|x86.Build.0 = Debug|Any CPU
		{81505DC5-3EC2-4878-86F6-C89DB5C9D030}.Release|Any CPU.ActiveCfg = Release|Any CPU
		{81505DC5-3EC2-4878-86F6-C89DB5C9D030}.Release|Any CPU.Build.0 = Release|Any CPU
		{81505DC5-3EC2-4878-86F6-C89DB5C9D030}.Release|x64.ActiveCfg = Release|Any CPU
		{81505DC5-3EC2-4878-86F6-C89DB5C9D030}.Release|x64.Build.0 = Release|Any CPU
		{81505DC5-3EC2-4878-86F6-C89DB5C9D030}.Release|x86.ActiveCfg = Release|Any CPU
		{81505DC5-3EC2-4878-86F6-C89DB5C9D030}.Release|x86.Build.0 = Release|Any CPU
	EndGlobalSection
EndGlobal
